
Microsoft Visual Studio Solution File, Format Version 12.00
# Visual Studio 2013
VisualStudioVersion = 12.0.31101.0
MinimumVisualStudioVersion = 10.0.40219.1
Project("{FAE04EC0-301F-11D3-BF4B-00C04F79EFBC}") = "Mvvm.ViewModels", "Mvvm.Examples\Mvvm.ViewModels.csproj", "{7CACD1D8-7D4F-4F17-B17A-E36F1DD21DC3}"
EndProject
Project("{FAE04EC0-301F-11D3-BF4B-00C04F79EFBC}") = "Mvvm.UI.Win", "Mvvm.UI.Win\Mvvm.UI.Win.csproj", "{79C0AC99-26EE-4C06-AB9F-D64470E3D667}"
EndProject
Project("{FAE04EC0-301F-11D3-BF4B-00C04F79EFBC}") = "Mvvm.Utils.UI.Win", "Mvvm.Utils.UI.Win\Mvvm.Utils.UI.Win.csproj", "{8DE25E27-EF72-4492-B3A0-E98B616FB354}"
EndProject
Project("{2150E333-8FDC-42A3-9474-1A3956D46DE8}") = "UI.Win", "UI.Win", "{4100297D-4685-4E84-93E0-D0720B9B4116}"
EndProject
Project("{2150E333-8FDC-42A3-9474-1A3956D46DE8}") = "PCL", "PCL", "{E5CF30A1-81D5-41A4-AACD-ED97E2499950}"
EndProject
Project("{FAE04EC0-301F-11D3-BF4B-00C04F79EFBC}") = "Mvvm.Utils", "DevExpress.MVVM.Utils\Mvvm.Utils\Mvvm.Utils.csproj", "{2FDE2DC0-F1DC-4090-84CD-58C0204CC63D}"
EndProject
Project("{FAE04EC0-301F-11D3-BF4B-00C04F79EFBC}") = "Mvvm.PCL", "DevExpress.Mvvm.Free\DevExpress.Mvvm\Mvvm.PCL.csproj", "{6DC18CB2-A40A-4E9C-9A74-B99EE545B59A}"
EndProject
Project("{FAE04EC0-301F-11D3-BF4B-00C04F79EFBC}") = "Mvvm.PCL.Tests", "DevExpress.Mvvm.Free\DevExpress.Mvvm.Tests\Mvvm.PCL.Tests.csproj", "{E50AC0CD-550A-4E66-911D-529B62A1C3A9}"
EndProject
Project("{2150E333-8FDC-42A3-9474-1A3956D46DE8}") = "UI.GTK", "UI.GTK", "{820E9094-E0F9-42CD-874A-B658EB1BC435}"
EndProject
Project("{FAE04EC0-301F-11D3-BF4B-00C04F79EFBC}") = "Mvvm.Utils.UI.GTK", "Mvvm.Utils.UI.GTK\Mvvm.Utils.UI.GTK.csproj", "{5DC0E0AC-BB64-44E9-A4FF-43E6348C9017}"
EndProject
Project("{FAE04EC0-301F-11D3-BF4B-00C04F79EFBC}") = "Mvvm.UI.GTK", "Mvvm.UI.GTK\Mvvm.UI.GTK.csproj", "{C2187CC6-08E3-4708-B0DE-95873DA26606}"
EndProject
Global
	GlobalSection(SolutionConfigurationPlatforms) = preSolution
		Debug|Any CPU = Debug|Any CPU
		DebugTest|Any CPU = DebugTest|Any CPU
		Release|Any CPU = Release|Any CPU
	EndGlobalSection
	GlobalSection(ProjectConfigurationPlatforms) = postSolution
		{7CACD1D8-7D4F-4F17-B17A-E36F1DD21DC3}.Debug|Any CPU.ActiveCfg = Debug|Any CPU
		{7CACD1D8-7D4F-4F17-B17A-E36F1DD21DC3}.Debug|Any CPU.Build.0 = Debug|Any CPU
		{7CACD1D8-7D4F-4F17-B17A-E36F1DD21DC3}.DebugTest|Any CPU.ActiveCfg = Debug|Any CPU
		{7CACD1D8-7D4F-4F17-B17A-E36F1DD21DC3}.DebugTest|Any CPU.Build.0 = Debug|Any CPU
		{7CACD1D8-7D4F-4F17-B17A-E36F1DD21DC3}.Release|Any CPU.ActiveCfg = Release|Any CPU
		{7CACD1D8-7D4F-4F17-B17A-E36F1DD21DC3}.Release|Any CPU.Build.0 = Release|Any CPU
		{79C0AC99-26EE-4C06-AB9F-D64470E3D667}.Debug|Any CPU.ActiveCfg = Debug|Any CPU
		{79C0AC99-26EE-4C06-AB9F-D64470E3D667}.Debug|Any CPU.Build.0 = Debug|Any CPU
		{79C0AC99-26EE-4C06-AB9F-D64470E3D667}.DebugTest|Any CPU.ActiveCfg = Debug|Any CPU
		{79C0AC99-26EE-4C06-AB9F-D64470E3D667}.DebugTest|Any CPU.Build.0 = Debug|Any CPU
		{79C0AC99-26EE-4C06-AB9F-D64470E3D667}.Release|Any CPU.ActiveCfg = Release|Any CPU
		{79C0AC99-26EE-4C06-AB9F-D64470E3D667}.Release|Any CPU.Build.0 = Release|Any CPU
		{8DE25E27-EF72-4492-B3A0-E98B616FB354}.Debug|Any CPU.ActiveCfg = Debug|Any CPU
		{8DE25E27-EF72-4492-B3A0-E98B616FB354}.Debug|Any CPU.Build.0 = Debug|Any CPU
		{8DE25E27-EF72-4492-B3A0-E98B616FB354}.DebugTest|Any CPU.ActiveCfg = Debug|Any CPU
		{8DE25E27-EF72-4492-B3A0-E98B616FB354}.DebugTest|Any CPU.Build.0 = Debug|Any CPU
		{8DE25E27-EF72-4492-B3A0-E98B616FB354}.Release|Any CPU.ActiveCfg = Release|Any CPU
		{8DE25E27-EF72-4492-B3A0-E98B616FB354}.Release|Any CPU.Build.0 = Release|Any CPU
		{2FDE2DC0-F1DC-4090-84CD-58C0204CC63D}.Debug|Any CPU.ActiveCfg = Debug|Any CPU
		{2FDE2DC0-F1DC-4090-84CD-58C0204CC63D}.Debug|Any CPU.Build.0 = Debug|Any CPU
		{2FDE2DC0-F1DC-4090-84CD-58C0204CC63D}.DebugTest|Any CPU.ActiveCfg = DebugTest|Any CPU
		{2FDE2DC0-F1DC-4090-84CD-58C0204CC63D}.DebugTest|Any CPU.Build.0 = DebugTest|Any CPU
		{2FDE2DC0-F1DC-4090-84CD-58C0204CC63D}.Release|Any CPU.ActiveCfg = Release|Any CPU
		{2FDE2DC0-F1DC-4090-84CD-58C0204CC63D}.Release|Any CPU.Build.0 = Release|Any CPU
		{6DC18CB2-A40A-4E9C-9A74-B99EE545B59A}.Debug|Any CPU.ActiveCfg = Debug|Any CPU
		{6DC18CB2-A40A-4E9C-9A74-B99EE545B59A}.Debug|Any CPU.Build.0 = Debug|Any CPU
		{6DC18CB2-A40A-4E9C-9A74-B99EE545B59A}.DebugTest|Any CPU.ActiveCfg = Debug|Any CPU
		{6DC18CB2-A40A-4E9C-9A74-B99EE545B59A}.DebugTest|Any CPU.Build.0 = Debug|Any CPU
		{6DC18CB2-A40A-4E9C-9A74-B99EE545B59A}.Release|Any CPU.ActiveCfg = Release|Any CPU
		{6DC18CB2-A40A-4E9C-9A74-B99EE545B59A}.Release|Any CPU.Build.0 = Release|Any CPU
		{E50AC0CD-550A-4E66-911D-529B62A1C3A9}.Debug|Any CPU.ActiveCfg = Debug|Any CPU
		{E50AC0CD-550A-4E66-911D-529B62A1C3A9}.Debug|Any CPU.Build.0 = Debug|Any CPU
		{E50AC0CD-550A-4E66-911D-529B62A1C3A9}.DebugTest|Any CPU.ActiveCfg = Debug|Any CPU
		{E50AC0CD-550A-4E66-911D-529B62A1C3A9}.DebugTest|Any CPU.Build.0 = Debug|Any CPU
		{E50AC0CD-550A-4E66-911D-529B62A1C3A9}.Release|Any CPU.ActiveCfg = Debug|Any CPU
		{E50AC0CD-550A-4E66-911D-529B62A1C3A9}.Release|Any CPU.Build.0 = Debug|Any CPU
		{5DC0E0AC-BB64-44E9-A4FF-43E6348C9017}.Debug|Any CPU.ActiveCfg = Debug|Any CPU
		{5DC0E0AC-BB64-44E9-A4FF-43E6348C9017}.Debug|Any CPU.Build.0 = Debug|Any CPU
		{5DC0E0AC-BB64-44E9-A4FF-43E6348C9017}.DebugTest|Any CPU.ActiveCfg = Debug|Any CPU
		{5DC0E0AC-BB64-44E9-A4FF-43E6348C9017}.DebugTest|Any CPU.Build.0 = Debug|Any CPU
		{5DC0E0AC-BB64-44E9-A4FF-43E6348C9017}.Release|Any CPU.ActiveCfg = Release|Any CPU
		{5DC0E0AC-BB64-44E9-A4FF-43E6348C9017}.Release|Any CPU.Build.0 = Release|Any CPU
		{C2187CC6-08E3-4708-B0DE-95873DA26606}.Debug|Any CPU.ActiveCfg = Debug|Any CPU
		{C2187CC6-08E3-4708-B0DE-95873DA26606}.Debug|Any CPU.Build.0 = Debug|Any CPU
		{C2187CC6-08E3-4708-B0DE-95873DA26606}.DebugTest|Any CPU.ActiveCfg = Debug|Any CPU
		{C2187CC6-08E3-4708-B0DE-95873DA26606}.DebugTest|Any CPU.Build.0 = Debug|Any CPU
		{C2187CC6-08E3-4708-B0DE-95873DA26606}.Release|Any CPU.ActiveCfg = Release|Any CPU
		{C2187CC6-08E3-4708-B0DE-95873DA26606}.Release|Any CPU.Build.0 = Release|Any CPU
	EndGlobalSection
	GlobalSection(SolutionProperties) = preSolution
		HideSolutionNode = FALSE
	EndGlobalSection
	GlobalSection(NestedProjects) = preSolution
		{79C0AC99-26EE-4C06-AB9F-D64470E3D667} = {4100297D-4685-4E84-93E0-D0720B9B4116}
		{8DE25E27-EF72-4492-B3A0-E98B616FB354} = {4100297D-4685-4E84-93E0-D0720B9B4116}
		{2FDE2DC0-F1DC-4090-84CD-58C0204CC63D} = {E5CF30A1-81D5-41A4-AACD-ED97E2499950}
		{6DC18CB2-A40A-4E9C-9A74-B99EE545B59A} = {E5CF30A1-81D5-41A4-AACD-ED97E2499950}
		{E50AC0CD-550A-4E66-911D-529B62A1C3A9} = {E5CF30A1-81D5-41A4-AACD-ED97E2499950}
		{5DC0E0AC-BB64-44E9-A4FF-43E6348C9017} = {820E9094-E0F9-42CD-874A-B658EB1BC435}
		{C2187CC6-08E3-4708-B0DE-95873DA26606} = {820E9094-E0F9-42CD-874A-B658EB1BC435}
	EndGlobalSection
EndGlobal
